{
  "originHash" : "84df9aa6ecd399d508c396fac25a34900ac329702697849f1f833cbdd041bee1",
  "pins" : [
    {
      "identity" : "factory",
      "kind" : "remoteSourceControl",
      "location" : "https://github.com/hmlongco/Factory.git",
      "state" : {
        "revision" : "8123d8e6aaa999ac6f533ad02539087b8692f1ba",
        "version" : "3.0.2"
      }
    }
  ],
  "version" : 3
}
